
Microsoft Visual Studio Solution File, Format Version 12.00
# Visual Studio 15
VisualStudioVersion = 15.0.27130.2010
MinimumVisualStudioVersion = 10.0.40219.1
Project("{FAE04EC0-301F-11D3-BF4B-00C04F79EFBC}") = "TinyBCT", "TinyBCT\TinyBCT.csproj", "{7779BD4A-7E4E-4B4C-80F3-16AD306A78CE}"
	ProjectSection(ProjectDependencies) = postProject
		{A7EFFB71-0EE7-413C-85C8-5C74C8D4CDB0} = {A7EFFB71-0EE7-413C-85C8-5C74C8D4CDB0}
	EndProjectSection
EndProject
Project("{FAE04EC0-301F-11D3-BF4B-00C04F79EFBC}") = "Test", "Test\Test.csproj", "{A7EFFB71-0EE7-413C-85C8-5C74C8D4CDB0}"
EndProject
Global
	GlobalSection(SolutionConfigurationPlatforms) = preSolution
		Debug|Any CPU = Debug|Any CPU
		Release|Any CPU = Release|Any CPU
	EndGlobalSection
	GlobalSection(ProjectConfigurationPlatforms) = postSolution
		{7779BD4A-7E4E-4B4C-80F3-16AD306A78CE}.Debug|Any CPU.ActiveCfg = Debug|Any CPU
		{7779BD4A-7E4E-4B4C-80F3-16AD306A78CE}.Debug|Any CPU.Build.0 = Debug|Any CPU
		{7779BD4A-7E4E-4B4C-80F3-16AD306A78CE}.Release|Any CPU.ActiveCfg = Release|Any CPU
		{7779BD4A-7E4E-4B4C-80F3-16AD306A78CE}.Release|Any CPU.Build.0 = Release|Any CPU
		{A7EFFB71-0EE7-413C-85C8-5C74C8D4CDB0}.Debug|Any CPU.ActiveCfg = Debug|Any CPU
		{A7EFFB71-0EE7-413C-85C8-5C74C8D4CDB0}.Debug|Any CPU.Build.0 = Debug|Any CPU
		{A7EFFB71-0EE7-413C-85C8-5C74C8D4CDB0}.Release|Any CPU.ActiveCfg = Release|Any CPU
		{A7EFFB71-0EE7-413C-85C8-5C74C8D4CDB0}.Release|Any CPU.Build.0 = Release|Any CPU
	EndGlobalSection
	GlobalSection(SolutionProperties) = preSolution
		HideSolutionNode = FALSE
	EndGlobalSection
	GlobalSection(ExtensibilityGlobals) = postSolution
		SolutionGuid = {E7763991-9EF8-4F1C-923D-4D5677FE0D5C}
	EndGlobalSection
EndGlobal
